
Microsoft Visual Studio Solution File, Format Version 12.00
# Visual Studio Version 16
VisualStudioVersion = 16.0.30204.135
MinimumVisualStudioVersion = 10.0.40219.1
Project("{9A19103F-16F7-4668-BE54-9A1E7A4F7556}") = "GeoHashing", "GeoHashing\GeoHashing.csproj", "{D04BB117-1C29-43F1-A1C0-CC0845E00671}"
EndProject
Project("{2150E333-8FDC-42A3-9474-1A3956D46DE8}") = "Solution Items", "Solution Items", "{3FAA6EA4-1441-43AE-9F51-CC5F4684866F}"
	ProjectSection(SolutionItems) = preProject
		ReadMe.txt = ReadMe.txt
	EndProjectSection
EndProject
Global
	GlobalSection(SolutionConfigurationPlatforms) = preSolution
		Debug|Any CPU = Debug|Any CPU
		Release|Any CPU = Release|Any CPU
	EndGlobalSection
	GlobalSection(ProjectConfigurationPlatforms) = postSolution
		{D04BB117-1C29-43F1-A1C0-CC0845E00671}.Debug|Any CPU.ActiveCfg = Debug|Any CPU
		{D04BB117-1C29-43F1-A1C0-CC0845E00671}.Debug|Any CPU.Build.0 = Debug|Any CPU
		{D04BB117-1C29-43F1-A1C0-CC0845E00671}.Release|Any CPU.ActiveCfg = Release|Any CPU
		{D04BB117-1C29-43F1-A1C0-CC0845E00671}.Release|Any CPU.Build.0 = Release|Any CPU
	EndGlobalSection
	GlobalSection(SolutionProperties) = preSolution
		HideSolutionNode = FALSE
	EndGlobalSection
	GlobalSection(ExtensibilityGlobals) = postSolution
		SolutionGuid = {10BB27F3-EDD7-464E-92ED-7ADF7269053B}
	EndGlobalSection
EndGlobal
